// !$*UTF8*$!
{
	archiveVersion = 1;
	classes = {
	};
	objectVersion = 55;
	objects = {

/* Begin PBXBuildFile section */
		0E5F14A3F872393145FE0EF4 /* Preview Assets.xcassets in Resources */ = {isa = PBXBuildFile; fileRef = B16D08AF602B9AD375FF78B4 /* Preview Assets.xcassets */; };
		27A6E7DE6F529DA466F181A4 /* Platform.framework in Frameworks */ = {isa = PBXBuildFile; fileRef = 329F70C43302B57DCAE2F213 /* Platform.framework */; };
		39477084362D4376DBC1F37D /* NetworkProvider.framework in Embed Frameworks */ = {isa = PBXBuildFile; fileRef = B1A77B79CE6437DF5AE70449 /* NetworkProvider.framework */; settings = {ATTRIBUTES = (CodeSignOnCopy, RemoveHeadersOnCopy, ); }; };
		4B3C1930B5BA9812BAA4CD85 /* Platform.framework in Embed Frameworks */ = {isa = PBXBuildFile; fileRef = 329F70C43302B57DCAE2F213 /* Platform.framework */; settings = {ATTRIBUTES = (CodeSignOnCopy, RemoveHeadersOnCopy, ); }; };
		68EC3C5AC63B94BC3B51A79E /* Assets.xcassets in Resources */ = {isa = PBXBuildFile; fileRef = F65FDCAD08D6018523D743FD /* Assets.xcassets */; };
		B45BA78829D2087C4FB5A0FB /* TuistAssets+TSA.swift in Sources */ = {isa = PBXBuildFile; fileRef = 2E8FBC79A507925374BC4C9C /* TuistAssets+TSA.swift */; };
		D20FBCADE7CA73C3E5972774 /* TuistBundle+TSA.swift in Sources */ = {isa = PBXBuildFile; fileRef = 99796649E0749AE5FD9D4834 /* TuistBundle+TSA.swift */; };
		E3A284F77F5A7EDE96FDEB68 /* GigaChatApp.swift in Sources */ = {isa = PBXBuildFile; fileRef = F5F2D0720814A9064C7EFCA9 /* GigaChatApp.swift */; };
		E5A394A10E170935D80AD76A /* MainContainer.swift in Sources */ = {isa = PBXBuildFile; fileRef = 57DEE0CA0E464A577C0A4D2D /* MainContainer.swift */; };
		EBC663BE4B3B587BFB86D1D3 /* Auth.framework in Frameworks */ = {isa = PBXBuildFile; fileRef = 9B6F1F016D4D63F9C40680C7 /* Auth.framework */; };
		F710E737720882A9CBC2B193 /* Swinject.framework in Embed Frameworks */ = {isa = PBXBuildFile; fileRef = 087589429F24F410E93B5597 /* Swinject.framework */; settings = {ATTRIBUTES = (CodeSignOnCopy, RemoveHeadersOnCopy, ); }; };
		FBB0E5FD180C4CA9B119D18E /* Profile.framework in Frameworks */ = {isa = PBXBuildFile; fileRef = C1E2F35E7D7401F2EBCAE5F0 /* Profile.framework */; };
/* End PBXBuildFile section */

/* Begin PBXCopyFilesBuildPhase section */
		755D4D1D80344573C2DED44F /* Embed Frameworks */ = {
			isa = PBXCopyFilesBuildPhase;
			buildActionMask = 2147483647;
			dstPath = "";
			dstSubfolderSpec = 10;
			files = (
				39477084362D4376DBC1F37D /* NetworkProvider.framework in Embed Frameworks */,
				4B3C1930B5BA9812BAA4CD85 /* Platform.framework in Embed Frameworks */,
				F710E737720882A9CBC2B193 /* Swinject.framework in Embed Frameworks */,
			);
			name = "Embed Frameworks";
			runOnlyForDeploymentPostprocessing = 0;
		};
/* End PBXCopyFilesBuildPhase section */

/* Begin PBXFileReference section */
		087589429F24F410E93B5597 /* Swinject.framework */ = {isa = PBXFileReference; explicitFileType = wrapper.framework; includeInIndex = 0; path = Swinject.framework; sourceTree = BUILT_PRODUCTS_DIR; };
		24C49BEC77E919EB35E72A97 /* GigaChat-Info.plist */ = {isa = PBXFileReference; lastKnownFileType = text.plist; path = "GigaChat-Info.plist"; sourceTree = "<group>"; };
		2E8FBC79A507925374BC4C9C /* TuistAssets+TSA.swift */ = {isa = PBXFileReference; lastKnownFileType = sourcecode.swift; path = "TuistAssets+TSA.swift"; sourceTree = "<group>"; };
		329F70C43302B57DCAE2F213 /* Platform.framework */ = {isa = PBXFileReference; explicitFileType = wrapper.framework; includeInIndex = 0; path = Platform.framework; sourceTree = BUILT_PRODUCTS_DIR; };
		57DEE0CA0E464A577C0A4D2D /* MainContainer.swift */ = {isa = PBXFileReference; lastKnownFileType = sourcecode.swift; path = MainContainer.swift; sourceTree = "<group>"; };
		9768B1EB2F9555959873BC2C /* GigaChat.xcconfig */ = {isa = PBXFileReference; lastKnownFileType = text.xcconfig; path = GigaChat.xcconfig; sourceTree = "<group>"; };
		99796649E0749AE5FD9D4834 /* TuistBundle+TSA.swift */ = {isa = PBXFileReference; lastKnownFileType = sourcecode.swift; path = "TuistBundle+TSA.swift"; sourceTree = "<group>"; };
		9B6F1F016D4D63F9C40680C7 /* Auth.framework */ = {isa = PBXFileReference; explicitFileType = wrapper.framework; includeInIndex = 0; path = Auth.framework; sourceTree = BUILT_PRODUCTS_DIR; };
		B16D08AF602B9AD375FF78B4 /* Preview Assets.xcassets */ = {isa = PBXFileReference; lastKnownFileType = folder.assetcatalog; path = "Preview Assets.xcassets"; sourceTree = "<group>"; };
		B1A77B79CE6437DF5AE70449 /* NetworkProvider.framework */ = {isa = PBXFileReference; explicitFileType = wrapper.framework; includeInIndex = 0; path = NetworkProvider.framework; sourceTree = BUILT_PRODUCTS_DIR; };
		C1E2F35E7D7401F2EBCAE5F0 /* Profile.framework */ = {isa = PBXFileReference; explicitFileType = wrapper.framework; includeInIndex = 0; path = Profile.framework; sourceTree = BUILT_PRODUCTS_DIR; };
		CBCE46326EB3C91B3AD99659 /* TSA.app */ = {isa = PBXFileReference; explicitFileType = wrapper.application; includeInIndex = 0; path = TSA.app; sourceTree = BUILT_PRODUCTS_DIR; };
		F5F2D0720814A9064C7EFCA9 /* GigaChatApp.swift */ = {isa = PBXFileReference; lastKnownFileType = sourcecode.swift; path = GigaChatApp.swift; sourceTree = "<group>"; };
		F65FDCAD08D6018523D743FD /* Assets.xcassets */ = {isa = PBXFileReference; lastKnownFileType = folder.assetcatalog; path = Assets.xcassets; sourceTree = "<group>"; };
/* End PBXFileReference section */

/* Begin PBXFrameworksBuildPhase section */
		9182EF285022F5498B6C3089 /* Frameworks */ = {
			isa = PBXFrameworksBuildPhase;
			buildActionMask = 2147483647;
			files = (
				EBC663BE4B3B587BFB86D1D3 /* Auth.framework in Frameworks */,
				27A6E7DE6F529DA466F181A4 /* Platform.framework in Frameworks */,
				FBB0E5FD180C4CA9B119D18E /* Profile.framework in Frameworks */,
			);
			runOnlyForDeploymentPostprocessing = 0;
		};
/* End PBXFrameworksBuildPhase section */

/* Begin PBXGroup section */
		1BF212DD04365664627E3885 /* Preview Content */ = {
			isa = PBXGroup;
			children = (
				B16D08AF602B9AD375FF78B4 /* Preview Assets.xcassets */,
			);
			path = "Preview Content";
			sourceTree = "<group>";
		};
		279F596ADC53C7DBD13E1D30 /* Project */ = {
			isa = PBXGroup;
			children = (
				91F4004AB739733B26B92C93 /* Config */,
				C1A4F932DD2BA22EF85C225C /* Derived */,
				47BAC497B9B2C3FA9B63C4BB /* GigaChat */,
				24C49BEC77E919EB35E72A97 /* GigaChat-Info.plist */,
			);
			name = Project;
			sourceTree = "<group>";
		};
		47BAC497B9B2C3FA9B63C4BB /* GigaChat */ = {
			isa = PBXGroup;
			children = (
				99FC99826005FD5B9CF60F89 /* Resources */,
				A3E494EE28F15AA61B184BEB /* Sources */,
			);
			path = GigaChat;
			sourceTree = "<group>";
		};
		6FEA6FECBD55FDD28D8A10B7 /* Frameworks */ = {
			isa = PBXGroup;
			children = (
			);
			name = Frameworks;
			sourceTree = "<group>";
		};
		91F4004AB739733B26B92C93 /* Config */ = {
			isa = PBXGroup;
			children = (
				9768B1EB2F9555959873BC2C /* GigaChat.xcconfig */,
			);
			path = Config;
			sourceTree = "<group>";
		};
		99FC99826005FD5B9CF60F89 /* Resources */ = {
			isa = PBXGroup;
			children = (
				1BF212DD04365664627E3885 /* Preview Content */,
				F65FDCAD08D6018523D743FD /* Assets.xcassets */,
			);
			path = Resources;
			sourceTree = "<group>";
		};
		A3E494EE28F15AA61B184BEB /* Sources */ = {
			isa = PBXGroup;
			children = (
				F5F2D0720814A9064C7EFCA9 /* GigaChatApp.swift */,
				57DEE0CA0E464A577C0A4D2D /* MainContainer.swift */,
			);
			path = Sources;
			sourceTree = "<group>";
		};
		C1A4F932DD2BA22EF85C225C /* Derived */ = {
			isa = PBXGroup;
			children = (
				F25DB5ACE9ABAA15D72E1412 /* Sources */,
			);
			path = Derived;
			sourceTree = "<group>";
		};
		CD984DB896201A980692C508 /* Products */ = {
			isa = PBXGroup;
			children = (
				9B6F1F016D4D63F9C40680C7 /* Auth.framework */,
				B1A77B79CE6437DF5AE70449 /* NetworkProvider.framework */,
				329F70C43302B57DCAE2F213 /* Platform.framework */,
				C1E2F35E7D7401F2EBCAE5F0 /* Profile.framework */,
				087589429F24F410E93B5597 /* Swinject.framework */,
				CBCE46326EB3C91B3AD99659 /* TSA.app */,
			);
			name = Products;
			sourceTree = "<group>";
		};
		F25DB5ACE9ABAA15D72E1412 /* Sources */ = {
			isa = PBXGroup;
			children = (
				2E8FBC79A507925374BC4C9C /* TuistAssets+TSA.swift */,
				99796649E0749AE5FD9D4834 /* TuistBundle+TSA.swift */,
			);
			path = Sources;
			sourceTree = "<group>";
		};
		F8AB5F900E85BA49B1BD9F4B = {
			isa = PBXGroup;
			children = (
				279F596ADC53C7DBD13E1D30 /* Project */,
				6FEA6FECBD55FDD28D8A10B7 /* Frameworks */,
				CD984DB896201A980692C508 /* Products */,
			);
			sourceTree = "<group>";
		};
/* End PBXGroup section */

/* Begin PBXNativeTarget section */
		96B6072D8933CF1E0EE6CB43 /* TSA */ = {
			isa = PBXNativeTarget;
			buildConfigurationList = 363A293C691437CD52D1FD4F /* Build configuration list for PBXNativeTarget "TSA" */;
			buildPhases = (
				82E2D750DE5FCC08A91301C8 /* Sources */,
				701531168A45CCEEBB756AA8 /* Resources */,
				755D4D1D80344573C2DED44F /* Embed Frameworks */,
				9182EF285022F5498B6C3089 /* Frameworks */,
			);
			buildRules = (
			);
			dependencies = (
			);
			name = TSA;
			productName = TSA;
			productReference = CBCE46326EB3C91B3AD99659 /* TSA.app */;
			productType = "com.apple.product-type.application";
		};
/* End PBXNativeTarget section */

/* Begin PBXProject section */
		72F80B44D5CC8FEA49522983 /* Project object */ = {
			isa = PBXProject;
			attributes = {
				BuildIndependentTargetsInParallel = YES;
				TargetAttributes = {
				};
			};
			buildConfigurationList = E895E352BE0449DA3ACDACC2 /* Build configuration list for PBXProject "TSA" */;
			compatibilityVersion = "Xcode 13.0";
			developmentRegion = en;
			hasScannedForEncodings = 0;
			knownRegions = (
				Base,
				en,
			);
			mainGroup = F8AB5F900E85BA49B1BD9F4B;
			productRefGroup = CD984DB896201A980692C508 /* Products */;
			projectDirPath = "";
			projectRoot = "";
			targets = (
				96B6072D8933CF1E0EE6CB43 /* TSA */,
			);
		};
/* End PBXProject section */

/* Begin PBXResourcesBuildPhase section */
		701531168A45CCEEBB756AA8 /* Resources */ = {
			isa = PBXResourcesBuildPhase;
			buildActionMask = 2147483647;
			files = (
				68EC3C5AC63B94BC3B51A79E /* Assets.xcassets in Resources */,
				0E5F14A3F872393145FE0EF4 /* Preview Assets.xcassets in Resources */,
			);
			runOnlyForDeploymentPostprocessing = 0;
		};
/* End PBXResourcesBuildPhase section */

/* Begin PBXSourcesBuildPhase section */
		82E2D750DE5FCC08A91301C8 /* Sources */ = {
			isa = PBXSourcesBuildPhase;
			buildActionMask = 2147483647;
			files = (
				B45BA78829D2087C4FB5A0FB /* TuistAssets+TSA.swift in Sources */,
				D20FBCADE7CA73C3E5972774 /* TuistBundle+TSA.swift in Sources */,
				E3A284F77F5A7EDE96FDEB68 /* GigaChatApp.swift in Sources */,
				E5A394A10E170935D80AD76A /* MainContainer.swift in Sources */,
			);
			runOnlyForDeploymentPostprocessing = 0;
		};
/* End PBXSourcesBuildPhase section */

/* Begin XCBuildConfiguration section */
		064AFBDB73E7A1581096C71C /* Release */ = {
			isa = XCBuildConfiguration;
			baseConfigurationReference = 9768B1EB2F9555959873BC2C /* GigaChat.xcconfig */;
			buildSettings = {
				ALWAYS_SEARCH_USER_PATHS = NO;
				CLANG_ANALYZER_LOCALIZABILITY_NONLOCALIZED = YES;
				CLANG_ANALYZER_NONNULL = YES;
				CLANG_ANALYZER_NUMBER_OBJECT_CONVERSION = YES_AGGRESSIVE;
				CLANG_CXX_LANGUAGE_STANDARD = "gnu++14";
				CLANG_CXX_LIBRARY = "libc++";
				CLANG_ENABLE_MODULES = YES;
				CLANG_ENABLE_OBJC_ARC = YES;
				CLANG_ENABLE_OBJC_WEAK = YES;
				CLANG_WARN_BLOCK_CAPTURE_AUTORELEASING = YES;
				CLANG_WARN_BOOL_CONVERSION = YES;
				CLANG_WARN_COMMA = YES;
				CLANG_WARN_CONSTANT_CONVERSION = YES;
				CLANG_WARN_DEPRECATED_OBJC_IMPLEMENTATIONS = YES;
				CLANG_WARN_DIRECT_OBJC_ISA_USAGE = YES_ERROR;
				CLANG_WARN_DOCUMENTATION_COMMENTS = YES;
				CLANG_WARN_EMPTY_BODY = YES;
				CLANG_WARN_ENUM_CONVERSION = YES;
				CLANG_WARN_INFINITE_RECURSION = YES;
				CLANG_WARN_INT_CONVERSION = YES;
				CLANG_WARN_NON_LITERAL_NULL_CONVERSION = YES;
				CLANG_WARN_OBJC_IMPLICIT_RETAIN_SELF = YES;
				CLANG_WARN_OBJC_LITERAL_CONVERSION = YES;
				CLANG_WARN_OBJC_ROOT_CLASS = YES_ERROR;
				CLANG_WARN_QUOTED_INCLUDE_IN_FRAMEWORK_HEADER = YES;
				CLANG_WARN_RANGE_LOOP_ANALYSIS = YES;
				CLANG_WARN_STRICT_PROTOTYPES = YES;
				CLANG_WARN_SUSPICIOUS_MOVE = YES;
				CLANG_WARN_UNGUARDED_AVAILABILITY = YES_AGGRESSIVE;
				CLANG_WARN_UNREACHABLE_CODE = YES;
				CLANG_WARN__DUPLICATE_METHOD_MATCH = YES;
				COPY_PHASE_STRIP = NO;
				DEAD_CODE_STRIPPING = YES;
				DEBUG_INFORMATION_FORMAT = "dwarf-with-dsym";
				ENABLE_NS_ASSERTIONS = NO;
				ENABLE_STRICT_OBJC_MSGSEND = YES;
				GCC_C_LANGUAGE_STANDARD = gnu11;
				GCC_NO_COMMON_BLOCKS = YES;
				GCC_WARN_64_TO_32_BIT_CONVERSION = YES;
				GCC_WARN_ABOUT_RETURN_TYPE = YES_ERROR;
				GCC_WARN_UNDECLARED_SELECTOR = YES;
				GCC_WARN_UNINITIALIZED_AUTOS = YES_AGGRESSIVE;
				GCC_WARN_UNUSED_FUNCTION = YES;
				GCC_WARN_UNUSED_VARIABLE = YES;
				MTL_ENABLE_DEBUG_INFO = NO;
				PRODUCT_NAME = "$(TARGET_NAME)";
				VALIDATE_PRODUCT = YES;
			};
			name = Release;
		};
		176D6A24B1BC156C32682BA1 /* Release */ = {
			isa = XCBuildConfiguration;
			buildSettings = {
				ASSETCATALOG_COMPILER_APPICON_NAME = AppIcon;
				CODE_SIGN_IDENTITY = "iPhone Developer";
				ENABLE_PREVIEWS = YES;
				INFOPLIST_FILE = "GigaChat-Info.plist";
				IPHONEOS_DEPLOYMENT_TARGET = 17.0;
				LD_RUNPATH_SEARCH_PATHS = (
					"$(inherited)",
					"@executable_path/Frameworks",
				);
				PRODUCT_BUNDLE_IDENTIFIER = com.rovkov.GigaChat;
				PRODUCT_NAME = TSA;
				SDKROOT = iphoneos;
				SUPPORTS_MACCATALYST = NO;
				SUPPORTS_MAC_DESIGNED_FOR_IPHONE_IPAD = YES;
				SUPPORTS_XR_DESIGNED_FOR_IPHONE_IPAD = NO;
				SWIFT_COMPILATION_MODE = wholemodule;
				SWIFT_OPTIMIZATION_LEVEL = "-Owholemodule";
				SWIFT_VERSION = 5.0;
				TARGETED_DEVICE_FAMILY = 1;
			};
			name = Release;
		};
		256AD0AF32B9E9A5387B24F7 /* Debug */ = {
			isa = XCBuildConfiguration;
			baseConfigurationReference = 9768B1EB2F9555959873BC2C /* GigaChat.xcconfig */;
			buildSettings = {
				ALWAYS_SEARCH_USER_PATHS = NO;
				CLANG_ANALYZER_LOCALIZABILITY_NONLOCALIZED = YES;
				CLANG_ANALYZER_NONNULL = YES;
				CLANG_ANALYZER_NUMBER_OBJECT_CONVERSION = YES_AGGRESSIVE;
				CLANG_CXX_LANGUAGE_STANDARD = "gnu++14";
				CLANG_CXX_LIBRARY = "libc++";
				CLANG_ENABLE_MODULES = YES;
				CLANG_ENABLE_OBJC_ARC = YES;
				CLANG_ENABLE_OBJC_WEAK = YES;
				CLANG_WARN_BLOCK_CAPTURE_AUTORELEASING = YES;
				CLANG_WARN_BOOL_CONVERSION = YES;
				CLANG_WARN_COMMA = YES;
				CLANG_WARN_CONSTANT_CONVERSION = YES;
				CLANG_WARN_DEPRECATED_OBJC_IMPLEMENTATIONS = YES;
				CLANG_WARN_DIRECT_OBJC_ISA_USAGE = YES_ERROR;
				CLANG_WARN_DOCUMENTATION_COMMENTS = YES;
				CLANG_WARN_EMPTY_BODY = YES;
				CLANG_WARN_ENUM_CONVERSION = YES;
				CLANG_WARN_INFINITE_RECURSION = YES;
				CLANG_WARN_INT_CONVERSION = YES;
				CLANG_WARN_NON_LITERAL_NULL_CONVERSION = YES;
				CLANG_WARN_OBJC_IMPLICIT_RETAIN_SELF = YES;
				CLANG_WARN_OBJC_LITERAL_CONVERSION = YES;
				CLANG_WARN_OBJC_ROOT_CLASS = YES_ERROR;
				CLANG_WARN_QUOTED_INCLUDE_IN_FRAMEWORK_HEADER = YES;
				CLANG_WARN_RANGE_LOOP_ANALYSIS = YES;
				CLANG_WARN_STRICT_PROTOTYPES = YES;
				CLANG_WARN_SUSPICIOUS_MOVE = YES;
				CLANG_WARN_UNGUARDED_AVAILABILITY = YES_AGGRESSIVE;
				CLANG_WARN_UNREACHABLE_CODE = YES;
				CLANG_WARN__DUPLICATE_METHOD_MATCH = YES;
				COPY_PHASE_STRIP = NO;
				DEAD_CODE_STRIPPING = YES;
				DEBUG_INFORMATION_FORMAT = dwarf;
				ENABLE_STRICT_OBJC_MSGSEND = YES;
				ENABLE_TESTABILITY = YES;
				GCC_C_LANGUAGE_STANDARD = gnu11;
				GCC_DYNAMIC_NO_PIC = NO;
				GCC_NO_COMMON_BLOCKS = YES;
				GCC_OPTIMIZATION_LEVEL = 0;
				GCC_PREPROCESSOR_DEFINITIONS = (
					"DEBUG=1",
					"$(inherited)",
				);
				GCC_WARN_64_TO_32_BIT_CONVERSION = YES;
				GCC_WARN_ABOUT_RETURN_TYPE = YES_ERROR;
				GCC_WARN_UNDECLARED_SELECTOR = YES;
				GCC_WARN_UNINITIALIZED_AUTOS = YES_AGGRESSIVE;
				GCC_WARN_UNUSED_FUNCTION = YES;
				GCC_WARN_UNUSED_VARIABLE = YES;
				MTL_ENABLE_DEBUG_INFO = YES;
				ONLY_ACTIVE_ARCH = YES;
				PRODUCT_NAME = "$(TARGET_NAME)";
			};
			name = Debug;
		};
		8D8F1320839F42DFF32B39AC /* Debug */ = {
			isa = XCBuildConfiguration;
			buildSettings = {
				ASSETCATALOG_COMPILER_APPICON_NAME = AppIcon;
				CODE_SIGN_IDENTITY = "iPhone Developer";
				ENABLE_PREVIEWS = YES;
				INFOPLIST_FILE = "GigaChat-Info.plist";
				IPHONEOS_DEPLOYMENT_TARGET = 17.0;
				LD_RUNPATH_SEARCH_PATHS = (
					"$(inherited)",
					"@executable_path/Frameworks",
				);
				PRODUCT_BUNDLE_IDENTIFIER = com.rovkov.GigaChat;
				PRODUCT_NAME = TSA;
				SDKROOT = iphoneos;
				SUPPORTS_MACCATALYST = NO;
				SUPPORTS_MAC_DESIGNED_FOR_IPHONE_IPAD = YES;
				SUPPORTS_XR_DESIGNED_FOR_IPHONE_IPAD = NO;
				SWIFT_ACTIVE_COMPILATION_CONDITIONS = DEBUG;
				SWIFT_COMPILATION_MODE = singlefile;
				SWIFT_OPTIMIZATION_LEVEL = "-Onone";
				SWIFT_VERSION = 5.0;
				TARGETED_DEVICE_FAMILY = 1;
			};
			name = Debug;
		};
/* End XCBuildConfiguration section */

/* Begin XCConfigurationList section */
		363A293C691437CD52D1FD4F /* Build configuration list for PBXNativeTarget "TSA" */ = {
			isa = XCConfigurationList;
			buildConfigurations = (
				8D8F1320839F42DFF32B39AC /* Debug */,
				176D6A24B1BC156C32682BA1 /* Release */,
			);
			defaultConfigurationIsVisible = 0;
			defaultConfigurationName = Release;
		};
		E895E352BE0449DA3ACDACC2 /* Build configuration list for PBXProject "TSA" */ = {
			isa = XCConfigurationList;
			buildConfigurations = (
				256AD0AF32B9E9A5387B24F7 /* Debug */,
				064AFBDB73E7A1581096C71C /* Release */,
			);
			defaultConfigurationIsVisible = 0;
			defaultConfigurationName = Release;
		};
/* End XCConfigurationList section */
	};
	rootObject = 72F80B44D5CC8FEA49522983 /* Project object */;
}
